
Microsoft Visual Studio Solution File, Format Version 12.00
# Visual Studio 15
VisualStudioVersion = 15.0.26730.16
MinimumVisualStudioVersion = 10.0.40219.1
Project("{FAE04EC0-301F-11D3-BF4B-00C04F79EFBC}") = "SendGrid-Test", "SendGrid-Test\SendGrid-Test.csproj", "{EA87EDC7-9729-4430-B6CB-9DE725574FD9}"
EndProject
Global
	GlobalSection(SolutionConfigurationPlatforms) = preSolution
		Debug|Any CPU = Debug|Any CPU
		Release|Any CPU = Release|Any CPU
	EndGlobalSection
	GlobalSection(ProjectConfigurationPlatforms) = postSolution
		{EA87EDC7-9729-4430-B6CB-9DE725574FD9}.Debug|Any CPU.ActiveCfg = Debug|Any CPU
		{EA87EDC7-9729-4430-B6CB-9DE725574FD9}.Debug|Any CPU.Build.0 = Debug|Any CPU
		{EA87EDC7-9729-4430-B6CB-9DE725574FD9}.Release|Any CPU.ActiveCfg = Release|Any CPU
		{EA87EDC7-9729-4430-B6CB-9DE725574FD9}.Release|Any CPU.Build.0 = Release|Any CPU
	EndGlobalSection
	GlobalSection(SolutionProperties) = preSolution
		HideSolutionNode = FALSE
	EndGlobalSection
	GlobalSection(ExtensibilityGlobals) = postSolution
		SolutionGuid = {88519FF8-B243-474A-8959-743BB6F45322}
	EndGlobalSection
EndGlobal
